
Microsoft Visual Studio Solution File, Format Version 12.00
# Visual Studio Version 17
VisualStudioVersion = 17.6.33815.320
MinimumVisualStudioVersion = 10.0.40219.1
Project("{FAE04EC0-301F-11D3-BF4B-00C04F79EFBC}") = "Inheritance", "Inheritance\Inheritance.csproj", "{8A069D25-2D56-4276-97AB-E78B0E871367}"
EndProject
Global
	GlobalSection(SolutionConfigurationPlatforms) = preSolution
		Debug|Any CPU = Debug|Any CPU
		Release|Any CPU = Release|Any CPU
	EndGlobalSection
	GlobalSection(ProjectConfigurationPlatforms) = postSolution
		{8A069D25-2D56-4276-97AB-E78B0E871367}.Debug|Any CPU.ActiveCfg = Debug|Any CPU
		{8A069D25-2D56-4276-97AB-E78B0E871367}.Debug|Any CPU.Build.0 = Debug|Any CPU
		{8A069D25-2D56-4276-97AB-E78B0E871367}.Release|Any CPU.ActiveCfg = Release|Any CPU
		{8A069D25-2D56-4276-97AB-E78B0E871367}.Release|Any CPU.Build.0 = Release|Any CPU
	EndGlobalSection
	GlobalSection(SolutionProperties) = preSolution
		HideSolutionNode = FALSE
	EndGlobalSection
	GlobalSection(ExtensibilityGlobals) = postSolution
		SolutionGuid = {2B568A82-E29E-4D66-9B83-7A2D78841F15}
	EndGlobalSection
EndGlobal
